# ═══════════════════════════════════════════════════════════════════════════
# requirements-research.lock — قفل بيئة **تدقيق/بحث** (P0، تدقيق Codex المستقل)
# ═══════════════════════════════════════════════════════════════════════════
# الغرض: تثبيت الإصدارات الدقيقة التي **تُعيد إنتاج التدقيق الإحصائي بت-بت**
#        (phase_p0_audit.py · phase_c_oos.py · phase_e_analysis.py).
#
# مؤكَّد: تشغيل `python3 phase_p0_audit.py` بهذه الإصدارات → SELF-CHECK **PASS**
#         (يطابق مرجع Codex: OR 8.222 · p 0.07620 · عتبات 86.467/183.0/2.54398).
#
# ⚠️ هذا **ليس** requirements.txt الإنتاجي (البوت). طبقة بحث/تدقيق فقط — لا يمسّ
#    الفرز/الإنتاج ولا LOGIC_VERSION. للتثبيت: `pip install -r requirements-research.lock`.
#
# 🔎 بيئة بناء اللقطة المجمَّدة نفسها مسجَّلة **منفصلةً**:
#    · manifest.json → الحقل package_versions (وقت التجميد، عبر _package_versions()).
#    · freeze.yml → خطوة «Capture environment» ترفع frozen_env.txt (pip freeze كامل).
#    فبيئة توليد البيانات وبيئة تحليلها موثّقتان كلتاهما (تدقيق Codex §12).
# ═══════════════════════════════════════════════════════════════════════════
# Python: 3.11.15

# ── التبعيات البحثية المباشرة ────────────────────────────────────────────────
numpy==2.4.6
pandas==3.0.3
scipy==1.17.1
scikit-learn==1.9.0
statsmodels==0.14.6
PyYAML==6.0.1

# ── التبعيات غير المباشرة المؤثّرة على الأرقام (تثبيت كامل للقفل) ─────────────
patsy==1.0.2               # صِيَغ statsmodels
joblib==1.5.3              # sklearn
threadpoolctl==3.6.0       # sklearn
python-dateutil==2.9.0.post0   # pandas
pytz==2026.2                   # pandas
